
Microsoft Visual Studio Solution File, Format Version 12.00
# Visual Studio Version 16
VisualStudioVersion = 16.0.32228.343
MinimumVisualStudioVersion = 10.0.40219.1
Project("{FAE04EC0-301F-11D3-BF4B-00C04F79EFBC}") = "lab_5", "lab_5\lab_5.csproj", "{EBE3F211-C72D-4C74-8583-0855323FFD9E}"
EndProject
Global
	GlobalSection(SolutionConfigurationPlatforms) = preSolution
		Debug|Any CPU = Debug|Any CPU
		Release|Any CPU = Release|Any CPU
	EndGlobalSection
	GlobalSection(ProjectConfigurationPlatforms) = postSolution
		{EBE3F211-C72D-4C74-8583-0855323FFD9E}.Debug|Any CPU.ActiveCfg = Debug|Any CPU
		{EBE3F211-C72D-4C74-8583-0855323FFD9E}.Debug|Any CPU.Build.0 = Debug|Any CPU
		{EBE3F211-C72D-4C74-8583-0855323FFD9E}.Release|Any CPU.ActiveCfg = Release|Any CPU
		{EBE3F211-C72D-4C74-8583-0855323FFD9E}.Release|Any CPU.Build.0 = Release|Any CPU
	EndGlobalSection
	GlobalSection(SolutionProperties) = preSolution
		HideSolutionNode = FALSE
	EndGlobalSection
	GlobalSection(ExtensibilityGlobals) = postSolution
		SolutionGuid = {27B2EA94-66A0-409A-BB61-D8AACEFB7366}
	EndGlobalSection
EndGlobal
